
Microsoft Visual Studio Solution File, Format Version 12.00
# Visual Studio Version 17
VisualStudioVersion = 17.10.34916.146
MinimumVisualStudioVersion = 10.0.40219.1
Project("{9A19103F-16F7-4668-BE54-9A1E7A4F7556}") = "SportsGoalApp", "SportsGoalApp\SportsGoalApp.csproj", "{C7A26F53-EF0B-42E6-8865-977E0539EAD4}"
EndProject
Project("{9A19103F-16F7-4668-BE54-9A1E7A4F7556}") = "SportsGoalAppTests", "SportsGoalAppTests\SportsGoalAppTests.csproj", "{C69E9B32-73A5-4478-94B1-524B17A137FB}"
EndProject
Project("{9A19103F-16F7-4668-BE54-9A1E7A4F7556}") = "OpenAIApi", "OpenAIApi\OpenAIApi.csproj", "{30C2184B-9050-4552-B8D5-BA1DD08D7933}"
EndProject
Project("{FAE04EC0-301F-11D3-BF4B-00C04F79EFBC}") = "OpenAIAPITests", "OpenAIAPITests\OpenAIAPITests.csproj", "{569E7118-E091-46D0-8A70-A6D1FB3FD0B6}"
EndProject
Global
	GlobalSection(SolutionConfigurationPlatforms) = preSolution
		Debug|Any CPU = Debug|Any CPU
		Release|Any CPU = Release|Any CPU
	EndGlobalSection
	GlobalSection(ProjectConfigurationPlatforms) = postSolution
		{C7A26F53-EF0B-42E6-8865-977E0539EAD4}.Debug|Any CPU.ActiveCfg = Debug|Any CPU
		{C7A26F53-EF0B-42E6-8865-977E0539EAD4}.Debug|Any CPU.Build.0 = Debug|Any CPU
		{C7A26F53-EF0B-42E6-8865-977E0539EAD4}.Release|Any CPU.ActiveCfg = Release|Any CPU
		{C7A26F53-EF0B-42E6-8865-977E0539EAD4}.Release|Any CPU.Build.0 = Release|Any CPU
		{C69E9B32-73A5-4478-94B1-524B17A137FB}.Debug|Any CPU.ActiveCfg = Debug|Any CPU
		{C69E9B32-73A5-4478-94B1-524B17A137FB}.Debug|Any CPU.Build.0 = Debug|Any CPU
		{C69E9B32-73A5-4478-94B1-524B17A137FB}.Release|Any CPU.ActiveCfg = Release|Any CPU
		{C69E9B32-73A5-4478-94B1-524B17A137FB}.Release|Any CPU.Build.0 = Release|Any CPU
		{30C2184B-9050-4552-B8D5-BA1DD08D7933}.Debug|Any CPU.ActiveCfg = Debug|Any CPU
		{30C2184B-9050-4552-B8D5-BA1DD08D7933}.Debug|Any CPU.Build.0 = Debug|Any CPU
		{30C2184B-9050-4552-B8D5-BA1DD08D7933}.Release|Any CPU.ActiveCfg = Release|Any CPU
		{30C2184B-9050-4552-B8D5-BA1DD08D7933}.Release|Any CPU.Build.0 = Release|Any CPU
		{569E7118-E091-46D0-8A70-A6D1FB3FD0B6}.Debug|Any CPU.ActiveCfg = Debug|Any CPU
		{569E7118-E091-46D0-8A70-A6D1FB3FD0B6}.Debug|Any CPU.Build.0 = Debug|Any CPU
		{569E7118-E091-46D0-8A70-A6D1FB3FD0B6}.Release|Any CPU.ActiveCfg = Release|Any CPU
		{569E7118-E091-46D0-8A70-A6D1FB3FD0B6}.Release|Any CPU.Build.0 = Release|Any CPU
	EndGlobalSection
	GlobalSection(SolutionProperties) = preSolution
		HideSolutionNode = FALSE
	EndGlobalSection
	GlobalSection(ExtensibilityGlobals) = postSolution
		SolutionGuid = {5A93210B-CCD4-405B-B4E0-479CE7DD2F29}
	EndGlobalSection
EndGlobal
